
Microsoft Visual Studio Solution File, Format Version 12.00
# Visual Studio Version 16
VisualStudioVersion = 16.0.30621.155
MinimumVisualStudioVersion = 10.0.40219.1
Project("{00D1A9C2-B5F0-4AF3-8072-F6C62B433612}") = "OnBoardingTrackerDatabase", "OnBoardingTrackerDatabase\OnBoardingTrackerDatabase.sqlproj", "{B604D3F9-DA6A-4A51-8ECA-F57DF5CE56AF}"
EndProject
Global
	GlobalSection(SolutionConfigurationPlatforms) = preSolution
		Debug|Any CPU = Debug|Any CPU
		Release|Any CPU = Release|Any CPU
	EndGlobalSection
	GlobalSection(ProjectConfigurationPlatforms) = postSolution
		{B604D3F9-DA6A-4A51-8ECA-F57DF5CE56AF}.Debug|Any CPU.ActiveCfg = Debug|Any CPU
		{B604D3F9-DA6A-4A51-8ECA-F57DF5CE56AF}.Debug|Any CPU.Build.0 = Debug|Any CPU
		{B604D3F9-DA6A-4A51-8ECA-F57DF5CE56AF}.Debug|Any CPU.Deploy.0 = Debug|Any CPU
		{B604D3F9-DA6A-4A51-8ECA-F57DF5CE56AF}.Release|Any CPU.ActiveCfg = Release|Any CPU
		{B604D3F9-DA6A-4A51-8ECA-F57DF5CE56AF}.Release|Any CPU.Build.0 = Release|Any CPU
		{B604D3F9-DA6A-4A51-8ECA-F57DF5CE56AF}.Release|Any CPU.Deploy.0 = Release|Any CPU
	EndGlobalSection
	GlobalSection(SolutionProperties) = preSolution
		HideSolutionNode = FALSE
	EndGlobalSection
	GlobalSection(ExtensibilityGlobals) = postSolution
		SolutionGuid = {6D0940EA-0100-42FE-8B88-C7760B1FFB2F}
	EndGlobalSection
EndGlobal
